
Microsoft Visual Studio Solution File, Format Version 12.00
# Visual Studio Version 17
VisualStudioVersion = 17.7.34003.232
MinimumVisualStudioVersion = 10.0.40219.1
Project("{FAE04EC0-301F-11D3-BF4B-00C04F79EFBC}") = "Codember_Abe", "Codember_Abe\Codember_Abe.csproj", "{982D75EF-83EB-4F0A-B1A5-D80CB8C2A3D2}"
EndProject
Global
	GlobalSection(SolutionConfigurationPlatforms) = preSolution
		Debug|Any CPU = Debug|Any CPU
		Release|Any CPU = Release|Any CPU
	EndGlobalSection
	GlobalSection(ProjectConfigurationPlatforms) = postSolution
		{982D75EF-83EB-4F0A-B1A5-D80CB8C2A3D2}.Debug|Any CPU.ActiveCfg = Debug|Any CPU
		{982D75EF-83EB-4F0A-B1A5-D80CB8C2A3D2}.Debug|Any CPU.Build.0 = Debug|Any CPU
		{982D75EF-83EB-4F0A-B1A5-D80CB8C2A3D2}.Release|Any CPU.ActiveCfg = Release|Any CPU
		{982D75EF-83EB-4F0A-B1A5-D80CB8C2A3D2}.Release|Any CPU.Build.0 = Release|Any CPU
	EndGlobalSection
	GlobalSection(SolutionProperties) = preSolution
		HideSolutionNode = FALSE
	EndGlobalSection
	GlobalSection(ExtensibilityGlobals) = postSolution
		SolutionGuid = {4BC5B2FF-D5C8-494E-B8CA-E62DDCEB10D2}
	EndGlobalSection
EndGlobal
